
Microsoft Visual Studio Solution File, Format Version 12.00
# Visual Studio Version 17
VisualStudioVersion = 17.14.36811.4 d17.14
MinimumVisualStudioVersion = 10.0.40219.1
Project("{FAE04EC0-301F-11D3-BF4B-00C04F79EFBC}") = "Kilo", "Kilo.csproj", "{7593F42C-FED2-46E9-8F47-FF55A9238F46}"
EndProject
Global
	GlobalSection(SolutionConfigurationPlatforms) = preSolution
		Debug|Any CPU = Debug|Any CPU
		Release|Any CPU = Release|Any CPU
	EndGlobalSection
	GlobalSection(ProjectConfigurationPlatforms) = postSolution
		{7593F42C-FED2-46E9-8F47-FF55A9238F46}.Debug|Any CPU.ActiveCfg = Debug|Any CPU
		{7593F42C-FED2-46E9-8F47-FF55A9238F46}.Debug|Any CPU.Build.0 = Debug|Any CPU
		{7593F42C-FED2-46E9-8F47-FF55A9238F46}.Release|Any CPU.ActiveCfg = Release|Any CPU
		{7593F42C-FED2-46E9-8F47-FF55A9238F46}.Release|Any CPU.Build.0 = Release|Any CPU
	EndGlobalSection
	GlobalSection(SolutionProperties) = preSolution
		HideSolutionNode = FALSE
	EndGlobalSection
	GlobalSection(ExtensibilityGlobals) = postSolution
		SolutionGuid = {167B6798-14F4-4F8C-B0E6-1E132754C97E}
	EndGlobalSection
EndGlobal
